
Microsoft Visual Studio Solution File, Format Version 12.00
# Visual Studio Version 17
VisualStudioVersion = 17.6.33723.286
MinimumVisualStudioVersion = 10.0.40219.1
Project("{FAE04EC0-301F-11D3-BF4B-00C04F79EFBC}") = "Projection", "Projection\Projection.csproj", "{1F4A83AD-6ABC-462F-9C51-D546FADAFDF7}"
EndProject
Global
	GlobalSection(SolutionConfigurationPlatforms) = preSolution
		Debug|Any CPU = Debug|Any CPU
		Release|Any CPU = Release|Any CPU
	EndGlobalSection
	GlobalSection(ProjectConfigurationPlatforms) = postSolution
		{1F4A83AD-6ABC-462F-9C51-D546FADAFDF7}.Debug|Any CPU.ActiveCfg = Debug|Any CPU
		{1F4A83AD-6ABC-462F-9C51-D546FADAFDF7}.Debug|Any CPU.Build.0 = Debug|Any CPU
		{1F4A83AD-6ABC-462F-9C51-D546FADAFDF7}.Release|Any CPU.ActiveCfg = Release|Any CPU
		{1F4A83AD-6ABC-462F-9C51-D546FADAFDF7}.Release|Any CPU.Build.0 = Release|Any CPU
	EndGlobalSection
	GlobalSection(SolutionProperties) = preSolution
		HideSolutionNode = FALSE
	EndGlobalSection
	GlobalSection(ExtensibilityGlobals) = postSolution
		SolutionGuid = {78FEE0C1-7C64-4C93-AAEB-6E260566FB2C}
	EndGlobalSection
EndGlobal
